
Microsoft Visual Studio Solution File, Format Version 12.00
# Visual Studio Version 17
VisualStudioVersion = 17.5.002.0
MinimumVisualStudioVersion = 10.0.40219.1
Project("{9A19103F-16F7-4668-BE54-9A1E7A4F7556}") = "BooksApp1", "BooksApp1.csproj", "{5D7E57B4-196E-494B-8D08-3FFC948DC62A}"
EndProject
Global
	GlobalSection(SolutionConfigurationPlatforms) = preSolution
		Debug|Any CPU = Debug|Any CPU
		Release|Any CPU = Release|Any CPU
	EndGlobalSection
	GlobalSection(ProjectConfigurationPlatforms) = postSolution
		{5D7E57B4-196E-494B-8D08-3FFC948DC62A}.Debug|Any CPU.ActiveCfg = Debug|Any CPU
		{5D7E57B4-196E-494B-8D08-3FFC948DC62A}.Debug|Any CPU.Build.0 = Debug|Any CPU
		{5D7E57B4-196E-494B-8D08-3FFC948DC62A}.Release|Any CPU.ActiveCfg = Release|Any CPU
		{5D7E57B4-196E-494B-8D08-3FFC948DC62A}.Release|Any CPU.Build.0 = Release|Any CPU
	EndGlobalSection
	GlobalSection(SolutionProperties) = preSolution
		HideSolutionNode = FALSE
	EndGlobalSection
	GlobalSection(ExtensibilityGlobals) = postSolution
		SolutionGuid = {4CB860B9-7E17-4672-8D67-6B38DA737DE7}
	EndGlobalSection
EndGlobal
